// !$*UTF8*$!
{
	archiveVersion = 1;
	classes = {
	};
	objectVersion = 50;
	objects = {

/* Begin PBXBuildFile section */
		49004CBA2449112D00F6595A /* AppDelegate.swift in Sources */ = {isa = PBXBuildFile; fileRef = 49004CB92449112D00F6595A /* AppDelegate.swift */; };
		49004CBC2449112D00F6595A /* SceneDelegate.swift in Sources */ = {isa = PBXBuildFile; fileRef = 49004CBB2449112D00F6595A /* SceneDelegate.swift */; };
		49004CBE2449112D00F6595A /* SearchVC.swift in Sources */ = {isa = PBXBuildFile; fileRef = 49004CBD2449112D00F6595A /* SearchVC.swift */; };
		49004CC32449113200F6595A /* Assets.xcassets in Resources */ = {isa = PBXBuildFile; fileRef = 49004CC22449113200F6595A /* Assets.xcassets */; };
		49004CC62449113200F6595A /* LaunchScreen.storyboard in Resources */ = {isa = PBXBuildFile; fileRef = 49004CC42449113200F6595A /* LaunchScreen.storyboard */; };
		491892BB2449453C0009B328 /* FavoriteListVC.swift in Sources */ = {isa = PBXBuildFile; fileRef = 491892BA2449453C0009B328 /* FavoriteListVC.swift */; };
		491892BD24494E840009B328 /* GFButton.swift in Sources */ = {isa = PBXBuildFile; fileRef = 491892BC24494E840009B328 /* GFButton.swift */; };
		491892BF24495C3E0009B328 /* GFTextField.swift in Sources */ = {isa = PBXBuildFile; fileRef = 491892BE24495C3E0009B328 /* GFTextField.swift */; };
		491892C1244A74B40009B328 /* FollowerVC.swift in Sources */ = {isa = PBXBuildFile; fileRef = 491892C0244A74B40009B328 /* FollowerVC.swift */; };
		491892C3244A8E020009B328 /* GFAlertVC.swift in Sources */ = {isa = PBXBuildFile; fileRef = 491892C2244A8E020009B328 /* GFAlertVC.swift */; };
		492B7229244A9A9300CAFC38 /* GFTitle.swift in Sources */ = {isa = PBXBuildFile; fileRef = 492B7228244A9A9300CAFC38 /* GFTitle.swift */; };
		492B722B244A9D8E00CAFC38 /* GFBodyLabel.swift in Sources */ = {isa = PBXBuildFile; fileRef = 492B722A244A9D8E00CAFC38 /* GFBodyLabel.swift */; };
		492B722F244AA97100CAFC38 /* ViewController+ext.swift in Sources */ = {isa = PBXBuildFile; fileRef = 492B722E244AA97100CAFC38 /* ViewController+ext.swift */; };
		492B7231244BDE3900CAFC38 /* Follower.swift in Sources */ = {isa = PBXBuildFile; fileRef = 492B7230244BDE3900CAFC38 /* Follower.swift */; };
		492B7233244BDE8A00CAFC38 /* User.swift in Sources */ = {isa = PBXBuildFile; fileRef = 492B7232244BDE8A00CAFC38 /* User.swift */; };
		492B7235244CFFE200CAFC38 /* NetworkManager.swift in Sources */ = {isa = PBXBuildFile; fileRef = 492B7234244CFFE200CAFC38 /* NetworkManager.swift */; };
		492B7238244D310A00CAFC38 /* GFError.swift in Sources */ = {isa = PBXBuildFile; fileRef = 492B7237244D310A00CAFC38 /* GFError.swift */; };
		492B723E244E269C00CAFC38 /* GFCollectionViewCell.swift in Sources */ = {isa = PBXBuildFile; fileRef = 492B723D244E269C00CAFC38 /* GFCollectionViewCell.swift */; };
		492B7240244E273D00CAFC38 /* GFUIImageView.swift in Sources */ = {isa = PBXBuildFile; fileRef = 492B723F244E273D00CAFC38 /* GFUIImageView.swift */; };
		494F0440244F975400220106 /* GFEmptyStateView.swift in Sources */ = {isa = PBXBuildFile; fileRef = 494F043F244F975400220106 /* GFEmptyStateView.swift */; };
		494F04462450DA9D00220106 /* UserInfoVC.swift in Sources */ = {isa = PBXBuildFile; fileRef = 494F04452450DA9D00220106 /* UserInfoVC.swift */; };
		494F044824511CD200220106 /* GFHeaderVC.swift in Sources */ = {isa = PBXBuildFile; fileRef = 494F044724511CD200220106 /* GFHeaderVC.swift */; };
		494F044A24511D0700220106 /* GFSecondaryLabel.swift in Sources */ = {isa = PBXBuildFile; fileRef = 494F044924511D0700220106 /* GFSecondaryLabel.swift */; };
		49609CF0244E6BCE006073F1 /* UIHelper.swift in Sources */ = {isa = PBXBuildFile; fileRef = 49609CEF244E6BCE006073F1 /* UIHelper.swift */; };
		49646DAE2459F48200B09EF6 /* GFItemInfoView.swift in Sources */ = {isa = PBXBuildFile; fileRef = 49646DAD2459F48200B09EF6 /* GFItemInfoView.swift */; };
		49646DB0245A000700B09EF6 /* Constant.swift in Sources */ = {isa = PBXBuildFile; fileRef = 49646DAF245A000700B09EF6 /* Constant.swift */; };
		49646DB2245A1A6C00B09EF6 /* GFItemInfoVC.swift in Sources */ = {isa = PBXBuildFile; fileRef = 49646DB1245A1A6C00B09EF6 /* GFItemInfoVC.swift */; };
		49646DB4245A245900B09EF6 /* GFRepoItemVC.swift in Sources */ = {isa = PBXBuildFile; fileRef = 49646DB3245A245900B09EF6 /* GFRepoItemVC.swift */; };
		49646DB6245A280600B09EF6 /* GFFollowerVC.swift in Sources */ = {isa = PBXBuildFile; fileRef = 49646DB5245A280600B09EF6 /* GFFollowerVC.swift */; };
		49646DB8245A47D700B09EF6 /* Date+Ext.swift in Sources */ = {isa = PBXBuildFile; fileRef = 49646DB7245A47D700B09EF6 /* Date+Ext.swift */; };
		49646DBA245A47F100B09EF6 /* String+Ext.swift in Sources */ = {isa = PBXBuildFile; fileRef = 49646DB9245A47F100B09EF6 /* String+Ext.swift */; };
/* End PBXBuildFile section */

/* Begin PBXFileReference section */
		49004CB62449112D00F6595A /* GitHub Follower.app */ = {isa = PBXFileReference; explicitFileType = wrapper.application; includeInIndex = 0; path = "GitHub Follower.app"; sourceTree = BUILT_PRODUCTS_DIR; };
		49004CB92449112D00F6595A /* AppDelegate.swift */ = {isa = PBXFileReference; lastKnownFileType = sourcecode.swift; path = AppDelegate.swift; sourceTree = "<group>"; };
		49004CBB2449112D00F6595A /* SceneDelegate.swift */ = {isa = PBXFileReference; lastKnownFileType = sourcecode.swift; path = SceneDelegate.swift; sourceTree = "<group>"; };
		49004CBD2449112D00F6595A /* SearchVC.swift */ = {isa = PBXFileReference; lastKnownFileType = sourcecode.swift; path = SearchVC.swift; sourceTree = "<group>"; };
		49004CC22449113200F6595A /* Assets.xcassets */ = {isa = PBXFileReference; lastKnownFileType = folder.assetcatalog; path = Assets.xcassets; sourceTree = "<group>"; };
		49004CC52449113200F6595A /* Base */ = {isa = PBXFileReference; lastKnownFileType = file.storyboard; name = Base; path = Base.lproj/LaunchScreen.storyboard; sourceTree = "<group>"; };
		49004CC72449113200F6595A /* Info.plist */ = {isa = PBXFileReference; lastKnownFileType = text.plist.xml; path = Info.plist; sourceTree = "<group>"; };
		491892BA2449453C0009B328 /* FavoriteListVC.swift */ = {isa = PBXFileReference; lastKnownFileType = sourcecode.swift; path = FavoriteListVC.swift; sourceTree = "<group>"; };
		491892BC24494E840009B328 /* GFButton.swift */ = {isa = PBXFileReference; lastKnownFileType = sourcecode.swift; path = GFButton.swift; sourceTree = "<group>"; };
		491892BE24495C3E0009B328 /* GFTextField.swift */ = {isa = PBXFileReference; lastKnownFileType = sourcecode.swift; path = GFTextField.swift; sourceTree = "<group>"; };
		491892C0244A74B40009B328 /* FollowerVC.swift */ = {isa = PBXFileReference; lastKnownFileType = sourcecode.swift; path = FollowerVC.swift; sourceTree = "<group>"; };
		491892C2244A8E020009B328 /* GFAlertVC.swift */ = {isa = PBXFileReference; lastKnownFileType = sourcecode.swift; path = GFAlertVC.swift; sourceTree = "<group>"; };
		492B7228244A9A9300CAFC38 /* GFTitle.swift */ = {isa = PBXFileReference; lastKnownFileType = sourcecode.swift; path = GFTitle.swift; sourceTree = "<group>"; };
		492B722A244A9D8E00CAFC38 /* GFBodyLabel.swift */ = {isa = PBXFileReference; lastKnownFileType = sourcecode.swift; path = GFBodyLabel.swift; sourceTree = "<group>"; };
		492B722E244AA97100CAFC38 /* ViewController+ext.swift */ = {isa = PBXFileReference; lastKnownFileType = sourcecode.swift; path = "ViewController+ext.swift"; sourceTree = "<group>"; };
		492B7230244BDE3900CAFC38 /* Follower.swift */ = {isa = PBXFileReference; lastKnownFileType = sourcecode.swift; path = Follower.swift; sourceTree = "<group>"; };
		492B7232244BDE8A00CAFC38 /* User.swift */ = {isa = PBXFileReference; lastKnownFileType = sourcecode.swift; path = User.swift; sourceTree = "<group>"; };
		492B7234244CFFE200CAFC38 /* NetworkManager.swift */ = {isa = PBXFileReference; lastKnownFileType = sourcecode.swift; path = NetworkManager.swift; sourceTree = "<group>"; };
		492B7237244D310A00CAFC38 /* GFError.swift */ = {isa = PBXFileReference; lastKnownFileType = sourcecode.swift; path = GFError.swift; sourceTree = "<group>"; };
		492B723D244E269C00CAFC38 /* GFCollectionViewCell.swift */ = {isa = PBXFileReference; lastKnownFileType = sourcecode.swift; path = GFCollectionViewCell.swift; sourceTree = "<group>"; };
		492B723F244E273D00CAFC38 /* GFUIImageView.swift */ = {isa = PBXFileReference; lastKnownFileType = sourcecode.swift; path = GFUIImageView.swift; sourceTree = "<group>"; };
		494F043F244F975400220106 /* GFEmptyStateView.swift */ = {isa = PBXFileReference; lastKnownFileType = sourcecode.swift; path = GFEmptyStateView.swift; sourceTree = "<group>"; };
		494F04452450DA9D00220106 /* UserInfoVC.swift */ = {isa = PBXFileReference; lastKnownFileType = sourcecode.swift; path = UserInfoVC.swift; sourceTree = "<group>"; };
		494F044724511CD200220106 /* GFHeaderVC.swift */ = {isa = PBXFileReference; lastKnownFileType = sourcecode.swift; path = GFHeaderVC.swift; sourceTree = "<group>"; };
		494F044924511D0700220106 /* GFSecondaryLabel.swift */ = {isa = PBXFileReference; lastKnownFileType = sourcecode.swift; path = GFSecondaryLabel.swift; sourceTree = "<group>"; };
		49609CEF244E6BCE006073F1 /* UIHelper.swift */ = {isa = PBXFileReference; lastKnownFileType = sourcecode.swift; path = UIHelper.swift; sourceTree = "<group>"; };
		49646DAD2459F48200B09EF6 /* GFItemInfoView.swift */ = {isa = PBXFileReference; lastKnownFileType = sourcecode.swift; path = GFItemInfoView.swift; sourceTree = "<group>"; };
		49646DAF245A000700B09EF6 /* Constant.swift */ = {isa = PBXFileReference; lastKnownFileType = sourcecode.swift; path = Constant.swift; sourceTree = "<group>"; };
		49646DB1245A1A6C00B09EF6 /* GFItemInfoVC.swift */ = {isa = PBXFileReference; lastKnownFileType = sourcecode.swift; path = GFItemInfoVC.swift; sourceTree = "<group>"; };
		49646DB3245A245900B09EF6 /* GFRepoItemVC.swift */ = {isa = PBXFileReference; lastKnownFileType = sourcecode.swift; path = GFRepoItemVC.swift; sourceTree = "<group>"; };
		49646DB5245A280600B09EF6 /* GFFollowerVC.swift */ = {isa = PBXFileReference; lastKnownFileType = sourcecode.swift; path = GFFollowerVC.swift; sourceTree = "<group>"; };
		49646DB7245A47D700B09EF6 /* Date+Ext.swift */ = {isa = PBXFileReference; lastKnownFileType = sourcecode.swift; path = "Date+Ext.swift"; sourceTree = "<group>"; };
		49646DB9245A47F100B09EF6 /* String+Ext.swift */ = {isa = PBXFileReference; lastKnownFileType = sourcecode.swift; path = "String+Ext.swift"; sourceTree = "<group>"; };
/* End PBXFileReference section */

/* Begin PBXFrameworksBuildPhase section */
		49004CB32449112D00F6595A /* Frameworks */ = {
			isa = PBXFrameworksBuildPhase;
			buildActionMask = 2147483647;
			files = (
			);
			runOnlyForDeploymentPostprocessing = 0;
		};
/* End PBXFrameworksBuildPhase section */

/* Begin PBXGroup section */
		49004CAD2449112D00F6595A = {
			isa = PBXGroup;
			children = (
				49004CB82449112D00F6595A /* GitHub Follower */,
				49004CB72449112D00F6595A /* Products */,
			);
			sourceTree = "<group>";
		};
		49004CB72449112D00F6595A /* Products */ = {
			isa = PBXGroup;
			children = (
				49004CB62449112D00F6595A /* GitHub Follower.app */,
			);
			name = Products;
			sourceTree = "<group>";
		};
		49004CB82449112D00F6595A /* GitHub Follower */ = {
			isa = PBXGroup;
			children = (
				494F043D244F96F900220106 /* Support */,
				492B723C244E265000CAFC38 /* Extension */,
				492B723B244E25E600CAFC38 /* Controller */,
				492B723A244E25DF00CAFC38 /* View */,
				492B7239244E25D800CAFC38 /* Model */,
				492B7236244D30F100CAFC38 /* Utility */,
				49004CC22449113200F6595A /* Assets.xcassets */,
				49004CC42449113200F6595A /* LaunchScreen.storyboard */,
				49004CC72449113200F6595A /* Info.plist */,
				494F043F244F975400220106 /* GFEmptyStateView.swift */,
			);
			path = "GitHub Follower";
			sourceTree = "<group>";
		};
		492B7236244D30F100CAFC38 /* Utility */ = {
			isa = PBXGroup;
			children = (
				492B7234244CFFE200CAFC38 /* NetworkManager.swift */,
				492B7237244D310A00CAFC38 /* GFError.swift */,
				49609CEF244E6BCE006073F1 /* UIHelper.swift */,
				49646DAF245A000700B09EF6 /* Constant.swift */,
				49646DB7245A47D700B09EF6 /* Date+Ext.swift */,
				49646DB9245A47F100B09EF6 /* String+Ext.swift */,
			);
			path = Utility;
			sourceTree = "<group>";
		};
		492B7239244E25D800CAFC38 /* Model */ = {
			isa = PBXGroup;
			children = (
				494F043E244F972300220106 /* Cell */,
				492B7230244BDE3900CAFC38 /* Follower.swift */,
				492B7232244BDE8A00CAFC38 /* User.swift */,
			);
			path = Model;
			sourceTree = "<group>";
		};
		492B723A244E25DF00CAFC38 /* View */ = {
			isa = PBXGroup;
			children = (
				492B723F244E273D00CAFC38 /* GFUIImageView.swift */,
				491892BC24494E840009B328 /* GFButton.swift */,
				491892BE24495C3E0009B328 /* GFTextField.swift */,
				492B7228244A9A9300CAFC38 /* GFTitle.swift */,
				492B722A244A9D8E00CAFC38 /* GFBodyLabel.swift */,
				494F044924511D0700220106 /* GFSecondaryLabel.swift */,
				49646DAD2459F48200B09EF6 /* GFItemInfoView.swift */,
			);
			path = View;
			sourceTree = "<group>";
		};
		492B723B244E25E600CAFC38 /* Controller */ = {
			isa = PBXGroup;
			children = (
				49646DBD245CD97300B09EF6 /* ItemInfoVC */,
				49004CBD2449112D00F6595A /* SearchVC.swift */,
				491892BA2449453C0009B328 /* FavoriteListVC.swift */,
				491892C0244A74B40009B328 /* FollowerVC.swift */,
				491892C2244A8E020009B328 /* GFAlertVC.swift */,
				494F04452450DA9D00220106 /* UserInfoVC.swift */,
				494F044724511CD200220106 /* GFHeaderVC.swift */,
			);
			path = Controller;
			sourceTree = "<group>";
		};
		492B723C244E265000CAFC38 /* Extension */ = {
			isa = PBXGroup;
			children = (
				492B722E244AA97100CAFC38 /* ViewController+ext.swift */,
			);
			path = Extension;
			sourceTree = "<group>";
		};
		494F043D244F96F900220106 /* Support */ = {
			isa = PBXGroup;
			children = (
				49004CB92449112D00F6595A /* AppDelegate.swift */,
				49004CBB2449112D00F6595A /* SceneDelegate.swift */,
			);
			path = Support;
			sourceTree = "<group>";
		};
		494F043E244F972300220106 /* Cell */ = {
			isa = PBXGroup;
			children = (
				492B723D244E269C00CAFC38 /* GFCollectionViewCell.swift */,
			);
			path = Cell;
			sourceTree = "<group>";
		};
		49646DBD245CD97300B09EF6 /* ItemInfoVC */ = {
			isa = PBXGroup;
			children = (
				49646DB1245A1A6C00B09EF6 /* GFItemInfoVC.swift */,
				49646DB3245A245900B09EF6 /* GFRepoItemVC.swift */,
				49646DB5245A280600B09EF6 /* GFFollowerVC.swift */,
			);
			path = ItemInfoVC;
			sourceTree = "<group>";
		};
/* End PBXGroup section */

/* Begin PBXNativeTarget section */
		49004CB52449112D00F6595A /* GitHub Follower */ = {
			isa = PBXNativeTarget;
			buildConfigurationList = 49004CCA2449113200F6595A /* Build configuration list for PBXNativeTarget "GitHub Follower" */;
			buildPhases = (
				49004CB22449112D00F6595A /* Sources */,
				49004CB32449112D00F6595A /* Frameworks */,
				49004CB42449112D00F6595A /* Resources */,
			);
			buildRules = (
			);
			dependencies = (
			);
			name = "GitHub Follower";
			productName = "GitHub Follower";
			productReference = 49004CB62449112D00F6595A /* GitHub Follower.app */;
			productType = "com.apple.product-type.application";
		};
/* End PBXNativeTarget section */

/* Begin PBXProject section */
		49004CAE2449112D00F6595A /* Project object */ = {
			isa = PBXProject;
			attributes = {
				LastSwiftUpdateCheck = 1140;
				LastUpgradeCheck = 1140;
				ORGANIZATIONNAME = MARC;
				TargetAttributes = {
					49004CB52449112D00F6595A = {
						CreatedOnToolsVersion = 11.4;
					};
				};
			};
			buildConfigurationList = 49004CB12449112D00F6595A /* Build configuration list for PBXProject "GitHub Follower" */;
			compatibilityVersion = "Xcode 9.3";
			developmentRegion = en;
			hasScannedForEncodings = 0;
			knownRegions = (
				en,
				Base,
			);
			mainGroup = 49004CAD2449112D00F6595A;
			productRefGroup = 49004CB72449112D00F6595A /* Products */;
			projectDirPath = "";
			projectRoot = "";
			targets = (
				49004CB52449112D00F6595A /* GitHub Follower */,
			);
		};
/* End PBXProject section */

/* Begin PBXResourcesBuildPhase section */
		49004CB42449112D00F6595A /* Resources */ = {
			isa = PBXResourcesBuildPhase;
			buildActionMask = 2147483647;
			files = (
				49004CC62449113200F6595A /* LaunchScreen.storyboard in Resources */,
				49004CC32449113200F6595A /* Assets.xcassets in Resources */,
			);
			runOnlyForDeploymentPostprocessing = 0;
		};
/* End PBXResourcesBuildPhase section */

/* Begin PBXSourcesBuildPhase section */
		49004CB22449112D00F6595A /* Sources */ = {
			isa = PBXSourcesBuildPhase;
			buildActionMask = 2147483647;
			files = (
				494F044A24511D0700220106 /* GFSecondaryLabel.swift in Sources */,
				492B7233244BDE8A00CAFC38 /* User.swift in Sources */,
				49646DAE2459F48200B09EF6 /* GFItemInfoView.swift in Sources */,
				49646DBA245A47F100B09EF6 /* String+Ext.swift in Sources */,
				49646DB6245A280600B09EF6 /* GFFollowerVC.swift in Sources */,
				491892C1244A74B40009B328 /* FollowerVC.swift in Sources */,
				491892BF24495C3E0009B328 /* GFTextField.swift in Sources */,
				491892BB2449453C0009B328 /* FavoriteListVC.swift in Sources */,
				49646DB2245A1A6C00B09EF6 /* GFItemInfoVC.swift in Sources */,
				491892C3244A8E020009B328 /* GFAlertVC.swift in Sources */,
				49609CF0244E6BCE006073F1 /* UIHelper.swift in Sources */,
				492B722F244AA97100CAFC38 /* ViewController+ext.swift in Sources */,
				494F044824511CD200220106 /* GFHeaderVC.swift in Sources */,
				491892BD24494E840009B328 /* GFButton.swift in Sources */,
				49646DB0245A000700B09EF6 /* Constant.swift in Sources */,
				492B7229244A9A9300CAFC38 /* GFTitle.swift in Sources */,
				492B7231244BDE3900CAFC38 /* Follower.swift in Sources */,
				492B723E244E269C00CAFC38 /* GFCollectionViewCell.swift in Sources */,
				49004CBE2449112D00F6595A /* SearchVC.swift in Sources */,
				492B7235244CFFE200CAFC38 /* NetworkManager.swift in Sources */,
				49646DB8245A47D700B09EF6 /* Date+Ext.swift in Sources */,
				492B7238244D310A00CAFC38 /* GFError.swift in Sources */,
				494F0440244F975400220106 /* GFEmptyStateView.swift in Sources */,
				49004CBA2449112D00F6595A /* AppDelegate.swift in Sources */,
				49004CBC2449112D00F6595A /* SceneDelegate.swift in Sources */,
				492B7240244E273D00CAFC38 /* GFUIImageView.swift in Sources */,
				492B722B244A9D8E00CAFC38 /* GFBodyLabel.swift in Sources */,
				49646DB4245A245900B09EF6 /* GFRepoItemVC.swift in Sources */,
				494F04462450DA9D00220106 /* UserInfoVC.swift in Sources */,
			);
			runOnlyForDeploymentPostprocessing = 0;
		};
/* End PBXSourcesBuildPhase section */

/* Begin PBXVariantGroup section */
		49004CC42449113200F6595A /* LaunchScreen.storyboard */ = {
			isa = PBXVariantGroup;
			children = (
				49004CC52449113200F6595A /* Base */,
			);
			name = LaunchScreen.storyboard;
			sourceTree = "<group>";
		};
/* End PBXVariantGroup section */

/* Begin XCBuildConfiguration section */
		49004CC82449113200F6595A /* Debug */ = {
			isa = XCBuildConfiguration;
			buildSettings = {
				ALWAYS_SEARCH_USER_PATHS = NO;
				CLANG_ANALYZER_NONNULL = YES;
				CLANG_ANALYZER_NUMBER_OBJECT_CONVERSION = YES_AGGRESSIVE;
				CLANG_CXX_LANGUAGE_STANDARD = "gnu++14";
				CLANG_CXX_LIBRARY = "libc++";
				CLANG_ENABLE_MODULES = YES;
				CLANG_ENABLE_OBJC_ARC = YES;
				CLANG_ENABLE_OBJC_WEAK = YES;
				CLANG_WARN_BLOCK_CAPTURE_AUTORELEASING = YES;
				CLANG_WARN_BOOL_CONVERSION = YES;
				CLANG_WARN_COMMA = YES;
				CLANG_WARN_CONSTANT_CONVERSION = YES;
				CLANG_WARN_DEPRECATED_OBJC_IMPLEMENTATIONS = YES;
				CLANG_WARN_DIRECT_OBJC_ISA_USAGE = YES_ERROR;
				CLANG_WARN_DOCUMENTATION_COMMENTS = YES;
				CLANG_WARN_EMPTY_BODY = YES;
				CLANG_WARN_ENUM_CONVERSION = YES;
				CLANG_WARN_INFINITE_RECURSION = YES;
				CLANG_WARN_INT_CONVERSION = YES;
				CLANG_WARN_NON_LITERAL_NULL_CONVERSION = YES;
				CLANG_WARN_OBJC_IMPLICIT_RETAIN_SELF = YES;
				CLANG_WARN_OBJC_LITERAL_CONVERSION = YES;
				CLANG_WARN_OBJC_ROOT_CLASS = YES_ERROR;
				CLANG_WARN_RANGE_LOOP_ANALYSIS = YES;
				CLANG_WARN_STRICT_PROTOTYPES = YES;
				CLANG_WARN_SUSPICIOUS_MOVE = YES;
				CLANG_WARN_UNGUARDED_AVAILABILITY = YES_AGGRESSIVE;
				CLANG_WARN_UNREACHABLE_CODE = YES;
				CLANG_WARN__DUPLICATE_METHOD_MATCH = YES;
				COPY_PHASE_STRIP = NO;
				DEBUG_INFORMATION_FORMAT = dwarf;
				ENABLE_STRICT_OBJC_MSGSEND = YES;
				ENABLE_TESTABILITY = YES;
				GCC_C_LANGUAGE_STANDARD = gnu11;
				GCC_DYNAMIC_NO_PIC = NO;
				GCC_NO_COMMON_BLOCKS = YES;
				GCC_OPTIMIZATION_LEVEL = 0;
				GCC_PREPROCESSOR_DEFINITIONS = (
					"DEBUG=1",
					"$(inherited)",
				);
				GCC_WARN_64_TO_32_BIT_CONVERSION = YES;
				GCC_WARN_ABOUT_RETURN_TYPE = YES_ERROR;
				GCC_WARN_UNDECLARED_SELECTOR = YES;
				GCC_WARN_UNINITIALIZED_AUTOS = YES_AGGRESSIVE;
				GCC_WARN_UNUSED_FUNCTION = YES;
				GCC_WARN_UNUSED_VARIABLE = YES;
				IPHONEOS_DEPLOYMENT_TARGET = 13.4;
				MTL_ENABLE_DEBUG_INFO = INCLUDE_SOURCE;
				MTL_FAST_MATH = YES;
				ONLY_ACTIVE_ARCH = YES;
				SDKROOT = iphoneos;
				SWIFT_ACTIVE_COMPILATION_CONDITIONS = DEBUG;
				SWIFT_OPTIMIZATION_LEVEL = "-Onone";
			};
			name = Debug;
		};
		49004CC92449113200F6595A /* Release */ = {
			isa = XCBuildConfiguration;
			buildSettings = {
				ALWAYS_SEARCH_USER_PATHS = NO;
				CLANG_ANALYZER_NONNULL = YES;
				CLANG_ANALYZER_NUMBER_OBJECT_CONVERSION = YES_AGGRESSIVE;
				CLANG_CXX_LANGUAGE_STANDARD = "gnu++14";
				CLANG_CXX_LIBRARY = "libc++";
				CLANG_ENABLE_MODULES = YES;
				CLANG_ENABLE_OBJC_ARC = YES;
				CLANG_ENABLE_OBJC_WEAK = YES;
				CLANG_WARN_BLOCK_CAPTURE_AUTORELEASING = YES;
				CLANG_WARN_BOOL_CONVERSION = YES;
				CLANG_WARN_COMMA = YES;
				CLANG_WARN_CONSTANT_CONVERSION = YES;
				CLANG_WARN_DEPRECATED_OBJC_IMPLEMENTATIONS = YES;
				CLANG_WARN_DIRECT_OBJC_ISA_USAGE = YES_ERROR;
				CLANG_WARN_DOCUMENTATION_COMMENTS = YES;
				CLANG_WARN_EMPTY_BODY = YES;
				CLANG_WARN_ENUM_CONVERSION = YES;
				CLANG_WARN_INFINITE_RECURSION = YES;
				CLANG_WARN_INT_CONVERSION = YES;
				CLANG_WARN_NON_LITERAL_NULL_CONVERSION = YES;
				CLANG_WARN_OBJC_IMPLICIT_RETAIN_SELF = YES;
				CLANG_WARN_OBJC_LITERAL_CONVERSION = YES;
				CLANG_WARN_OBJC_ROOT_CLASS = YES_ERROR;
				CLANG_WARN_RANGE_LOOP_ANALYSIS = YES;
				CLANG_WARN_STRICT_PROTOTYPES = YES;
				CLANG_WARN_SUSPICIOUS_MOVE = YES;
				CLANG_WARN_UNGUARDED_AVAILABILITY = YES_AGGRESSIVE;
				CLANG_WARN_UNREACHABLE_CODE = YES;
				CLANG_WARN__DUPLICATE_METHOD_MATCH = YES;
				COPY_PHASE_STRIP = NO;
				DEBUG_INFORMATION_FORMAT = "dwarf-with-dsym";
				ENABLE_NS_ASSERTIONS = NO;
				ENABLE_STRICT_OBJC_MSGSEND = YES;
				GCC_C_LANGUAGE_STANDARD = gnu11;
				GCC_NO_COMMON_BLOCKS = YES;
				GCC_WARN_64_TO_32_BIT_CONVERSION = YES;
				GCC_WARN_ABOUT_RETURN_TYPE = YES_ERROR;
				GCC_WARN_UNDECLARED_SELECTOR = YES;
				GCC_WARN_UNINITIALIZED_AUTOS = YES_AGGRESSIVE;
				GCC_WARN_UNUSED_FUNCTION = YES;
				GCC_WARN_UNUSED_VARIABLE = YES;
				IPHONEOS_DEPLOYMENT_TARGET = 13.4;
				MTL_ENABLE_DEBUG_INFO = NO;
				MTL_FAST_MATH = YES;
				SDKROOT = iphoneos;
				SWIFT_COMPILATION_MODE = wholemodule;
				SWIFT_OPTIMIZATION_LEVEL = "-O";
				VALIDATE_PRODUCT = YES;
			};
			name = Release;
		};
		49004CCB2449113200F6595A /* Debug */ = {
			isa = XCBuildConfiguration;
			buildSettings = {
				ASSETCATALOG_COMPILER_APPICON_NAME = AppIcon;
				CODE_SIGN_STYLE = Automatic;
				DEVELOPMENT_TEAM = SYT2SJ4624;
				INFOPLIST_FILE = "GitHub Follower/Info.plist";
				LD_RUNPATH_SEARCH_PATHS = (
					"$(inherited)",
					"@executable_path/Frameworks",
				);
				PRODUCT_BUNDLE_IDENTIFIER = "com.example.com.GitHub-Follower";
				PRODUCT_NAME = "$(TARGET_NAME)";
				SWIFT_VERSION = 5.0;
				TARGETED_DEVICE_FAMILY = 1;
			};
			name = Debug;
		};
		49004CCC2449113200F6595A /* Release */ = {
			isa = XCBuildConfiguration;
			buildSettings = {
				ASSETCATALOG_COMPILER_APPICON_NAME = AppIcon;
				CODE_SIGN_STYLE = Automatic;
				DEVELOPMENT_TEAM = SYT2SJ4624;
				INFOPLIST_FILE = "GitHub Follower/Info.plist";
				LD_RUNPATH_SEARCH_PATHS = (
					"$(inherited)",
					"@executable_path/Frameworks",
				);
				PRODUCT_BUNDLE_IDENTIFIER = "com.example.com.GitHub-Follower";
				PRODUCT_NAME = "$(TARGET_NAME)";
				SWIFT_VERSION = 5.0;
				TARGETED_DEVICE_FAMILY = 1;
			};
			name = Release;
		};
/* End XCBuildConfiguration section */

/* Begin XCConfigurationList section */
		49004CB12449112D00F6595A /* Build configuration list for PBXProject "GitHub Follower" */ = {
			isa = XCConfigurationList;
			buildConfigurations = (
				49004CC82449113200F6595A /* Debug */,
				49004CC92449113200F6595A /* Release */,
			);
			defaultConfigurationIsVisible = 0;
			defaultConfigurationName = Release;
		};
		49004CCA2449113200F6595A /* Build configuration list for PBXNativeTarget "GitHub Follower" */ = {
			isa = XCConfigurationList;
			buildConfigurations = (
				49004CCB2449113200F6595A /* Debug */,
				49004CCC2449113200F6595A /* Release */,
			);
			defaultConfigurationIsVisible = 0;
			defaultConfigurationName = Release;
		};
/* End XCConfigurationList section */
	};
	rootObject = 49004CAE2449112D00F6595A /* Project object */;
}
